
Microsoft Visual Studio Solution File, Format Version 12.00
# Visual Studio 14
VisualStudioVersion = 14.0.24720.0
MinimumVisualStudioVersion = 10.0.40219.1
Project("{FAE04EC0-301F-11D3-BF4B-00C04F79EFBC}") = "HttpClientDiagnostics", "HttpClientDiagnostics\HttpClientDiagnostics.csproj", "{05BE262F-9A10-4E69-80D6-F68F38DBA5DD}"
EndProject
Project("{FAE04EC0-301F-11D3-BF4B-00C04F79EFBC}") = "HttpClientDiagnostics.Example", "HttpClientDiagnostics.Example\HttpClientDiagnostics.Example.csproj", "{D7F8084B-42D9-449A-8969-79584F933C6B}"
EndProject
Global
	GlobalSection(SolutionConfigurationPlatforms) = preSolution
		Debug|Any CPU = Debug|Any CPU
		Release|Any CPU = Release|Any CPU
	EndGlobalSection
	GlobalSection(ProjectConfigurationPlatforms) = postSolution
		{05BE262F-9A10-4E69-80D6-F68F38DBA5DD}.Debug|Any CPU.ActiveCfg = Debug|Any CPU
		{05BE262F-9A10-4E69-80D6-F68F38DBA5DD}.Debug|Any CPU.Build.0 = Debug|Any CPU
		{05BE262F-9A10-4E69-80D6-F68F38DBA5DD}.Release|Any CPU.ActiveCfg = Release|Any CPU
		{05BE262F-9A10-4E69-80D6-F68F38DBA5DD}.Release|Any CPU.Build.0 = Release|Any CPU
		{D7F8084B-42D9-449A-8969-79584F933C6B}.Debug|Any CPU.ActiveCfg = Debug|Any CPU
		{D7F8084B-42D9-449A-8969-79584F933C6B}.Debug|Any CPU.Build.0 = Debug|Any CPU
		{D7F8084B-42D9-449A-8969-79584F933C6B}.Release|Any CPU.ActiveCfg = Release|Any CPU
		{D7F8084B-42D9-449A-8969-79584F933C6B}.Release|Any CPU.Build.0 = Release|Any CPU
	EndGlobalSection
	GlobalSection(SolutionProperties) = preSolution
		HideSolutionNode = FALSE
	EndGlobalSection
EndGlobal
